
Microsoft Visual Studio Solution File, Format Version 12.00
# Visual Studio 2012
Project("{FAE04EC0-301F-11D3-BF4B-00C04F79EFBC}") = "DotNetRunner", "DotNetRunner.csproj", "{A3C6D6F0-77B8-46DB-829F-DEA9D64D1595}"
EndProject
Global
	GlobalSection(SolutionConfigurationPlatforms) = preSolution
		Debug|AnyCPU = Debug|AnyCPU
		Release|AnyCPU = Release|AnyCPU
	EndGlobalSection
	GlobalSection(ProjectConfigurationPlatforms) = postSolution
		{A3C6D6F0-77B8-46DB-829F-DEA9D64D1595}.Debug|AnyCPU.ActiveCfg = Debug|Any CPU
		{A3C6D6F0-77B8-46DB-829F-DEA9D64D1595}.Debug|AnyCPU.Build.0 = Debug|Any CPU
		{A3C6D6F0-77B8-46DB-829F-DEA9D64D1595}.Release|AnyCPU.ActiveCfg = Release|Any CPU
		{A3C6D6F0-77B8-46DB-829F-DEA9D64D1595}.Release|AnyCPU.Build.0 = Release|Any CPU
	EndGlobalSection
EndGlobal
