Microsoft Visual Studio Solution File, Format Version 12.00
# Visual Studio Version 16
VisualStudioVersion = 16.0.30717.126
MinimumVisualStudioVersion = 10.0.40219.1
Project("{FAE04EC0-301F-11D3-BF4B-00C04F79EFBC}") = "DotNetRunner", "DotNetRunner.csproj", "{A3C6D6F0-77B8-46DB-829F-DEA9D64D1595}"
EndProject
Project("{FAE04EC0-301F-11D3-BF4B-00C04F79EFBC}") = "Majorsilence.CrystalCmd.Client", "..\Majorsilence.CrystalCmd.Client\Majorsilence.CrystalCmd.Client.csproj", "{04F3F707-AAAC-42A3-9ECB-A6C3D5164B03}"
EndProject
Global
	GlobalSection(SolutionConfigurationPlatforms) = preSolution
		Debug|AnyCPU = Debug|AnyCPU
		Release|AnyCPU = Release|AnyCPU
	EndGlobalSection
	GlobalSection(ProjectConfigurationPlatforms) = postSolution
		{A3C6D6F0-77B8-46DB-829F-DEA9D64D1595}.Debug|AnyCPU.ActiveCfg = Debug|Any CPU
		{A3C6D6F0-77B8-46DB-829F-DEA9D64D1595}.Debug|AnyCPU.Build.0 = Debug|Any CPU
		{A3C6D6F0-77B8-46DB-829F-DEA9D64D1595}.Release|AnyCPU.ActiveCfg = Release|Any CPU
		{A3C6D6F0-77B8-46DB-829F-DEA9D64D1595}.Release|AnyCPU.Build.0 = Release|Any CPU
		{04F3F707-AAAC-42A3-9ECB-A6C3D5164B03}.Debug|AnyCPU.ActiveCfg = Debug|Any CPU
		{04F3F707-AAAC-42A3-9ECB-A6C3D5164B03}.Debug|AnyCPU.Build.0 = Debug|Any CPU
		{04F3F707-AAAC-42A3-9ECB-A6C3D5164B03}.Release|AnyCPU.ActiveCfg = Release|Any CPU
		{04F3F707-AAAC-42A3-9ECB-A6C3D5164B03}.Release|AnyCPU.Build.0 = Release|Any CPU
	EndGlobalSection
	GlobalSection(SolutionProperties) = preSolution
		HideSolutionNode = FALSE
	EndGlobalSection
	GlobalSection(ExtensibilityGlobals) = postSolution
		SolutionGuid = {FBD34FD8-64E7-43AF-A299-2194F95470C8}
	EndGlobalSection
EndGlobal
