
Microsoft Visual Studio Solution File, Format Version 12.00
# Visual Studio Version 18
VisualStudioVersion = 18.3.11206.111
MinimumVisualStudioVersion = 10.0.40219.1
Project("{9A19103F-16F7-4668-BE54-9A1E7A4F7556}") = "Majorsilence.CrystalCmd.Server", "Majorsilence.CrystalCmd.Server\Majorsilence.CrystalCmd.Server.csproj", "{BFE94C79-CA5A-481D-B7A0-B5BFE55A4CD7}"
EndProject
Project("{9A19103F-16F7-4668-BE54-9A1E7A4F7556}") = "Majorsilence.CrystalCmd.Server.Common", "Majorsilence.CrystalCmd.Server.Common\Majorsilence.CrystalCmd.Server.Common.csproj", "{4D494DE8-8D1B-4587-817C-99BB35CA285E}"
EndProject
Project("{9A19103F-16F7-4668-BE54-9A1E7A4F7556}") = "Majorsilence.CrystalCmd.NetframeworkConsole", "Majorsilence.CrystalCmd.Console\Majorsilence.CrystalCmd.NetframeworkConsole.csproj", "{9746EF85-EB2E-411A-9609-5D485D78A987}"
EndProject
Project("{9A19103F-16F7-4668-BE54-9A1E7A4F7556}") = "Majorsilence.CrystalCmd.Client", "Majorsilence.CrystalCmd.Client\Majorsilence.CrystalCmd.Client.csproj", "{FA93CE91-BB0F-498B-90FD-457090498CD3}"
EndProject
Project("{9A19103F-16F7-4668-BE54-9A1E7A4F7556}") = "Majorsilence.CrystalCmd.Tests", "Majorsilence.CrystalCmd.Tests\Majorsilence.CrystalCmd.Tests.csproj", "{EA149A4B-DF7B-4A6D-B3DC-BC4D9BDB3403}"
EndProject
Project("{9A19103F-16F7-4668-BE54-9A1E7A4F7556}") = "Majorsilence.CrystalCmd.Common", "Majorsilence.CrystalCmd.Common\Majorsilence.CrystalCmd.Common.csproj", "{89B263C1-8155-4ACE-A1A1-2331FF54270C}"
EndProject
Project("{2150E333-8FDC-42A3-9474-1A3956D46DE8}") = "Solution Items", "Solution Items", "{65E7139D-66DD-4268-B8E1-43CFF589CD51}"
	ProjectSection(SolutionItems) = preProject
		.editorconfig = .editorconfig
	EndProjectSection
EndProject
Project("{FAE04EC0-301F-11D3-BF4B-00C04F79EFBC}") = "Majorsilence.CrystalCmd.ClientTests", "Majorsilence.CrystalCmd.ClientTests\Majorsilence.CrystalCmd.ClientTests.csproj", "{50EB28C2-5FA4-44DC-9962-44FE7395396E}"
EndProject
Project("{FAE04EC0-301F-11D3-BF4B-00C04F79EFBC}") = "Majorsilence.CrystalCmd.WorkQueues", "Majorsilence.CrystalCmd.WorkQueues\Majorsilence.CrystalCmd.WorkQueues.csproj", "{6CD83D99-860F-4596-9D8C-33A817BDB705}"
EndProject
Project("{2150E333-8FDC-42A3-9474-1A3956D46DE8}") = "Tests", "Tests", "{2067102F-6E31-471B-A49D-2A114B441BEB}"
EndProject
Global
	GlobalSection(SolutionConfigurationPlatforms) = preSolution
		Debug|Any CPU = Debug|Any CPU
		Release|Any CPU = Release|Any CPU
	EndGlobalSection
	GlobalSection(ProjectConfigurationPlatforms) = postSolution
		{BFE94C79-CA5A-481D-B7A0-B5BFE55A4CD7}.Debug|Any CPU.ActiveCfg = Debug|Any CPU
		{BFE94C79-CA5A-481D-B7A0-B5BFE55A4CD7}.Debug|Any CPU.Build.0 = Debug|Any CPU
		{BFE94C79-CA5A-481D-B7A0-B5BFE55A4CD7}.Release|Any CPU.ActiveCfg = Release|Any CPU
		{BFE94C79-CA5A-481D-B7A0-B5BFE55A4CD7}.Release|Any CPU.Build.0 = Release|Any CPU
		{4D494DE8-8D1B-4587-817C-99BB35CA285E}.Debug|Any CPU.ActiveCfg = Debug|Any CPU
		{4D494DE8-8D1B-4587-817C-99BB35CA285E}.Debug|Any CPU.Build.0 = Debug|Any CPU
		{4D494DE8-8D1B-4587-817C-99BB35CA285E}.Release|Any CPU.ActiveCfg = Release|Any CPU
		{4D494DE8-8D1B-4587-817C-99BB35CA285E}.Release|Any CPU.Build.0 = Release|Any CPU
		{9746EF85-EB2E-411A-9609-5D485D78A987}.Debug|Any CPU.ActiveCfg = Debug|Any CPU
		{9746EF85-EB2E-411A-9609-5D485D78A987}.Debug|Any CPU.Build.0 = Debug|Any CPU
		{9746EF85-EB2E-411A-9609-5D485D78A987}.Release|Any CPU.ActiveCfg = Release|Any CPU
		{9746EF85-EB2E-411A-9609-5D485D78A987}.Release|Any CPU.Build.0 = Release|Any CPU
		{FA93CE91-BB0F-498B-90FD-457090498CD3}.Debug|Any CPU.ActiveCfg = Debug|Any CPU
		{FA93CE91-BB0F-498B-90FD-457090498CD3}.Debug|Any CPU.Build.0 = Debug|Any CPU
		{FA93CE91-BB0F-498B-90FD-457090498CD3}.Release|Any CPU.ActiveCfg = Release|Any CPU
		{FA93CE91-BB0F-498B-90FD-457090498CD3}.Release|Any CPU.Build.0 = Release|Any CPU
		{EA149A4B-DF7B-4A6D-B3DC-BC4D9BDB3403}.Debug|Any CPU.ActiveCfg = Debug|Any CPU
		{EA149A4B-DF7B-4A6D-B3DC-BC4D9BDB3403}.Debug|Any CPU.Build.0 = Debug|Any CPU
		{EA149A4B-DF7B-4A6D-B3DC-BC4D9BDB3403}.Release|Any CPU.ActiveCfg = Release|Any CPU
		{EA149A4B-DF7B-4A6D-B3DC-BC4D9BDB3403}.Release|Any CPU.Build.0 = Release|Any CPU
		{89B263C1-8155-4ACE-A1A1-2331FF54270C}.Debug|Any CPU.ActiveCfg = Debug|Any CPU
		{89B263C1-8155-4ACE-A1A1-2331FF54270C}.Debug|Any CPU.Build.0 = Debug|Any CPU
		{89B263C1-8155-4ACE-A1A1-2331FF54270C}.Release|Any CPU.ActiveCfg = Release|Any CPU
		{89B263C1-8155-4ACE-A1A1-2331FF54270C}.Release|Any CPU.Build.0 = Release|Any CPU
		{50EB28C2-5FA4-44DC-9962-44FE7395396E}.Debug|Any CPU.ActiveCfg = Debug|Any CPU
		{50EB28C2-5FA4-44DC-9962-44FE7395396E}.Debug|Any CPU.Build.0 = Debug|Any CPU
		{50EB28C2-5FA4-44DC-9962-44FE7395396E}.Release|Any CPU.ActiveCfg = Release|Any CPU
		{50EB28C2-5FA4-44DC-9962-44FE7395396E}.Release|Any CPU.Build.0 = Release|Any CPU
		{6CD83D99-860F-4596-9D8C-33A817BDB705}.Debug|Any CPU.ActiveCfg = Debug|Any CPU
		{6CD83D99-860F-4596-9D8C-33A817BDB705}.Debug|Any CPU.Build.0 = Debug|Any CPU
		{6CD83D99-860F-4596-9D8C-33A817BDB705}.Release|Any CPU.ActiveCfg = Release|Any CPU
		{6CD83D99-860F-4596-9D8C-33A817BDB705}.Release|Any CPU.Build.0 = Release|Any CPU
	EndGlobalSection
	GlobalSection(SolutionProperties) = preSolution
		HideSolutionNode = FALSE
	EndGlobalSection
	GlobalSection(NestedProjects) = preSolution
		{EA149A4B-DF7B-4A6D-B3DC-BC4D9BDB3403} = {2067102F-6E31-471B-A49D-2A114B441BEB}
		{50EB28C2-5FA4-44DC-9962-44FE7395396E} = {2067102F-6E31-471B-A49D-2A114B441BEB}
	EndGlobalSection
	GlobalSection(ExtensibilityGlobals) = postSolution
		SolutionGuid = {0CB9731F-713F-4FE2-82D1-99FA6F43C28D}
	EndGlobalSection
EndGlobal
